// !$*UTF8*$!
{
	archiveVersion = 1;
	classes = {
	};
	objectVersion = 77;
	objects = {

/* Begin PBXBuildFile section */
		2BFD3F0FF10FC5D29A422EE4 /* LaunchAtLoginManager.swift in Sources */ = {isa = PBXBuildFile; fileRef = ABD3B3BC8D1856FA6966000E /* LaunchAtLoginManager.swift */; };
		4D843F97332A52CB0442A2F0 /* MenuBarView.swift in Sources */ = {isa = PBXBuildFile; fileRef = 984B8BF3D67A6AA6642DCA93 /* MenuBarView.swift */; };
		70EF53426B3F027D0BE652B4 /* TokenParser.swift in Sources */ = {isa = PBXBuildFile; fileRef = 85456444B8D8F2991E6B77EC /* TokenParser.swift */; };
		82B4A30B9CF969BA05030DDA /* ClaudeMonitorApp.swift in Sources */ = {isa = PBXBuildFile; fileRef = DC0FB52122C9A94A475FA81B /* ClaudeMonitorApp.swift */; };
		AC6E09FA8DFA6F3544D82F9E /* Assets.xcassets in Resources */ = {isa = PBXBuildFile; fileRef = 2E2971C88C4540B881C3F825 /* Assets.xcassets */; };
		D5A06858C6D1213E7B181091 /* TokenService.swift in Sources */ = {isa = PBXBuildFile; fileRef = D6E2FB5DE3ABC2A1EE3007D3 /* TokenService.swift */; };
		EAF32646575FDCBF130619D9 /* SettingsView.swift in Sources */ = {isa = PBXBuildFile; fileRef = BB7D29F59958C076E83922DA /* SettingsView.swift */; };
		F5422A4B766A2F0F9F564CB0 /* TokenUsage.swift in Sources */ = {isa = PBXBuildFile; fileRef = 888C96F0EB609DACC97F1F5B /* TokenUsage.swift */; };
/* End PBXBuildFile section */

/* Begin PBXFileReference section */
		01E69CD8161F734BE0624EC4 /* Info.plist */ = {isa = PBXFileReference; lastKnownFileType = text.plist; path = Info.plist; sourceTree = "<group>"; };
		2E2971C88C4540B881C3F825 /* Assets.xcassets */ = {isa = PBXFileReference; lastKnownFileType = folder.assetcatalog; path = Assets.xcassets; sourceTree = "<group>"; };
		85456444B8D8F2991E6B77EC /* TokenParser.swift */ = {isa = PBXFileReference; lastKnownFileType = sourcecode.swift; path = TokenParser.swift; sourceTree = "<group>"; };
		888C96F0EB609DACC97F1F5B /* TokenUsage.swift */ = {isa = PBXFileReference; lastKnownFileType = sourcecode.swift; path = TokenUsage.swift; sourceTree = "<group>"; };
		984B8BF3D67A6AA6642DCA93 /* MenuBarView.swift */ = {isa = PBXFileReference; lastKnownFileType = sourcecode.swift; path = MenuBarView.swift; sourceTree = "<group>"; };
		9924D1F6FBFD4F220629C2E2 /* ClaudeMonitor.app */ = {isa = PBXFileReference; explicitFileType = wrapper.application; includeInIndex = 0; path = ClaudeMonitor.app; sourceTree = BUILT_PRODUCTS_DIR; };
		ABD3B3BC8D1856FA6966000E /* LaunchAtLoginManager.swift */ = {isa = PBXFileReference; lastKnownFileType = sourcecode.swift; path = LaunchAtLoginManager.swift; sourceTree = "<group>"; };
		BB7D29F59958C076E83922DA /* SettingsView.swift */ = {isa = PBXFileReference; lastKnownFileType = sourcecode.swift; path = SettingsView.swift; sourceTree = "<group>"; };
		D6E2FB5DE3ABC2A1EE3007D3 /* TokenService.swift */ = {isa = PBXFileReference; lastKnownFileType = sourcecode.swift; path = TokenService.swift; sourceTree = "<group>"; };
		DC0FB52122C9A94A475FA81B /* ClaudeMonitorApp.swift */ = {isa = PBXFileReference; lastKnownFileType = sourcecode.swift; path = ClaudeMonitorApp.swift; sourceTree = "<group>"; };
		F9FAF0667A4500690AC14250 /* ClaudeMonitor.entitlements */ = {isa = PBXFileReference; lastKnownFileType = text.plist.entitlements; path = ClaudeMonitor.entitlements; sourceTree = "<group>"; };
/* End PBXFileReference section */

/* Begin PBXGroup section */
		07E8AC954CB3FA5879910A53 = {
			isa = PBXGroup;
			children = (
				11452B26FD3B2ECC361A087F /* ClaudeMonitor */,
				652D67D252F283B04AFEF569 /* Products */,
			);
			sourceTree = "<group>";
		};
		11452B26FD3B2ECC361A087F /* ClaudeMonitor */ = {
			isa = PBXGroup;
			children = (
				2E2971C88C4540B881C3F825 /* Assets.xcassets */,
				F9FAF0667A4500690AC14250 /* ClaudeMonitor.entitlements */,
				DC0FB52122C9A94A475FA81B /* ClaudeMonitorApp.swift */,
				01E69CD8161F734BE0624EC4 /* Info.plist */,
				8FE5A11B85B356912D46F642 /* Models */,
				555DA2D1CBEFC9F5A7001404 /* Services */,
				F306DC68CADA93A24AB05228 /* Views */,
			);
			path = ClaudeMonitor;
			sourceTree = "<group>";
		};
		555DA2D1CBEFC9F5A7001404 /* Services */ = {
			isa = PBXGroup;
			children = (
				ABD3B3BC8D1856FA6966000E /* LaunchAtLoginManager.swift */,
				85456444B8D8F2991E6B77EC /* TokenParser.swift */,
				D6E2FB5DE3ABC2A1EE3007D3 /* TokenService.swift */,
			);
			path = Services;
			sourceTree = "<group>";
		};
		652D67D252F283B04AFEF569 /* Products */ = {
			isa = PBXGroup;
			children = (
				9924D1F6FBFD4F220629C2E2 /* ClaudeMonitor.app */,
			);
			name = Products;
			sourceTree = "<group>";
		};
		8FE5A11B85B356912D46F642 /* Models */ = {
			isa = PBXGroup;
			children = (
				888C96F0EB609DACC97F1F5B /* TokenUsage.swift */,
			);
			path = Models;
			sourceTree = "<group>";
		};
		F306DC68CADA93A24AB05228 /* Views */ = {
			isa = PBXGroup;
			children = (
				984B8BF3D67A6AA6642DCA93 /* MenuBarView.swift */,
				BB7D29F59958C076E83922DA /* SettingsView.swift */,
			);
			path = Views;
			sourceTree = "<group>";
		};
/* End PBXGroup section */

/* Begin PBXNativeTarget section */
		1BA94E0C01D277A3D97D540D /* ClaudeMonitor */ = {
			isa = PBXNativeTarget;
			buildConfigurationList = 458C8ECDDDF94448F9073656 /* Build configuration list for PBXNativeTarget "ClaudeMonitor" */;
			buildPhases = (
				E78E550434E6FDA8035F8938 /* Sources */,
				CB9A5FC51EE298759396362B /* Resources */,
			);
			buildRules = (
			);
			dependencies = (
			);
			name = ClaudeMonitor;
			packageProductDependencies = (
			);
			productName = ClaudeMonitor;
			productReference = 9924D1F6FBFD4F220629C2E2 /* ClaudeMonitor.app */;
			productType = "com.apple.product-type.application";
		};
/* End PBXNativeTarget section */

/* Begin PBXProject section */
		0A1C0F0A567689AF0C10104F /* Project object */ = {
			isa = PBXProject;
			attributes = {
				BuildIndependentTargetsInParallel = YES;
				LastUpgradeCheck = 1500;
				TargetAttributes = {
					1BA94E0C01D277A3D97D540D = {
						DevelopmentTeam = "";
						ProvisioningStyle = Automatic;
					};
				};
			};
			buildConfigurationList = B0EBEFBDBC2E41CED86FDF2F /* Build configuration list for PBXProject "ClaudeMonitor" */;
			compatibilityVersion = "Xcode 14.0";
			developmentRegion = en;
			hasScannedForEncodings = 0;
			knownRegions = (
				Base,
				en,
			);
			mainGroup = 07E8AC954CB3FA5879910A53;
			minimizedProjectReferenceProxies = 1;
			preferredProjectObjectVersion = 77;
			projectDirPath = "";
			projectRoot = "";
			targets = (
				1BA94E0C01D277A3D97D540D /* ClaudeMonitor */,
			);
		};
/* End PBXProject section */

/* Begin PBXResourcesBuildPhase section */
		CB9A5FC51EE298759396362B /* Resources */ = {
			isa = PBXResourcesBuildPhase;
			buildActionMask = 2147483647;
			files = (
				AC6E09FA8DFA6F3544D82F9E /* Assets.xcassets in Resources */,
			);
			runOnlyForDeploymentPostprocessing = 0;
		};
/* End PBXResourcesBuildPhase section */

/* Begin PBXSourcesBuildPhase section */
		E78E550434E6FDA8035F8938 /* Sources */ = {
			isa = PBXSourcesBuildPhase;
			buildActionMask = 2147483647;
			files = (
				82B4A30B9CF969BA05030DDA /* ClaudeMonitorApp.swift in Sources */,
				2BFD3F0FF10FC5D29A422EE4 /* LaunchAtLoginManager.swift in Sources */,
				4D843F97332A52CB0442A2F0 /* MenuBarView.swift in Sources */,
				EAF32646575FDCBF130619D9 /* SettingsView.swift in Sources */,
				70EF53426B3F027D0BE652B4 /* TokenParser.swift in Sources */,
				D5A06858C6D1213E7B181091 /* TokenService.swift in Sources */,
				F5422A4B766A2F0F9F564CB0 /* TokenUsage.swift in Sources */,
			);
			runOnlyForDeploymentPostprocessing = 0;
		};
/* End PBXSourcesBuildPhase section */

/* Begin XCBuildConfiguration section */
		3EF77ACB0B5E5F63E0DAFA8B /* Release */ = {
			isa = XCBuildConfiguration;
			buildSettings = {
				ALWAYS_SEARCH_USER_PATHS = NO;
				CLANG_ANALYZER_NONNULL = YES;
				CLANG_ANALYZER_NUMBER_OBJECT_CONVERSION = YES_AGGRESSIVE;
				CLANG_CXX_LANGUAGE_STANDARD = "gnu++14";
				CLANG_CXX_LIBRARY = "libc++";
				CLANG_ENABLE_MODULES = YES;
				CLANG_ENABLE_OBJC_ARC = YES;
				CLANG_ENABLE_OBJC_WEAK = YES;
				CLANG_WARN_BLOCK_CAPTURE_AUTORELEASING = YES;
				CLANG_WARN_BOOL_CONVERSION = YES;
				CLANG_WARN_COMMA = YES;
				CLANG_WARN_CONSTANT_CONVERSION = YES;
				CLANG_WARN_DEPRECATED_OBJC_IMPLEMENTATIONS = YES;
				CLANG_WARN_DIRECT_OBJC_ISA_USAGE = YES_ERROR;
				CLANG_WARN_DOCUMENTATION_COMMENTS = YES;
				CLANG_WARN_EMPTY_BODY = YES;
				CLANG_WARN_ENUM_CONVERSION = YES;
				CLANG_WARN_INFINITE_RECURSION = YES;
				CLANG_WARN_INT_CONVERSION = YES;
				CLANG_WARN_NON_LITERAL_NULL_CONVERSION = YES;
				CLANG_WARN_OBJC_IMPLICIT_RETAIN_SELF = YES;
				CLANG_WARN_OBJC_LITERAL_CONVERSION = YES;
				CLANG_WARN_OBJC_ROOT_CLASS = YES_ERROR;
				CLANG_WARN_QUOTED_INCLUDE_IN_FRAMEWORK_HEADER = YES;
				CLANG_WARN_RANGE_LOOP_ANALYSIS = YES;
				CLANG_WARN_STRICT_PROTOTYPES = YES;
				CLANG_WARN_SUSPICIOUS_MOVE = YES;
				CLANG_WARN_UNGUARDED_AVAILABILITY = YES_AGGRESSIVE;
				CLANG_WARN_UNREACHABLE_CODE = YES;
				CLANG_WARN__DUPLICATE_METHOD_MATCH = YES;
				COPY_PHASE_STRIP = NO;
				CURRENT_PROJECT_VERSION = 1;
				DEBUG_INFORMATION_FORMAT = "dwarf-with-dsym";
				ENABLE_NS_ASSERTIONS = NO;
				ENABLE_STRICT_OBJC_MSGSEND = YES;
				GCC_C_LANGUAGE_STANDARD = gnu11;
				GCC_NO_COMMON_BLOCKS = YES;
				GCC_WARN_64_TO_32_BIT_CONVERSION = YES;
				GCC_WARN_ABOUT_RETURN_TYPE = YES_ERROR;
				GCC_WARN_UNDECLARED_SELECTOR = YES;
				GCC_WARN_UNINITIALIZED_AUTOS = YES_AGGRESSIVE;
				GCC_WARN_UNUSED_FUNCTION = YES;
				GCC_WARN_UNUSED_VARIABLE = YES;
				GENERATE_INFOPLIST_FILE = NO;
				MACOSX_DEPLOYMENT_TARGET = 14.0;
				MARKETING_VERSION = 1.0.0;
				MTL_ENABLE_DEBUG_INFO = NO;
				MTL_FAST_MATH = YES;
				PRODUCT_NAME = "$(TARGET_NAME)";
				SDKROOT = macosx;
				SWIFT_COMPILATION_MODE = wholemodule;
				SWIFT_OPTIMIZATION_LEVEL = "-O";
				SWIFT_VERSION = 5.9;
			};
			name = Release;
		};
		A6D424770AF4D1C3075DBB29 /* Debug */ = {
			isa = XCBuildConfiguration;
			buildSettings = {
				ASSETCATALOG_COMPILER_APPICON_NAME = AppIcon;
				CODE_SIGN_ENTITLEMENTS = ClaudeMonitor/ClaudeMonitor.entitlements;
				CODE_SIGN_STYLE = Automatic;
				COMBINE_HIDPI_IMAGES = YES;
				DEVELOPMENT_TEAM = "";
				ENABLE_HARDENED_RUNTIME = YES;
				INFOPLIST_FILE = ClaudeMonitor/Info.plist;
				LD_RUNPATH_SEARCH_PATHS = (
					"@executable_path/../Frameworks",
				);
				PRODUCT_BUNDLE_IDENTIFIER = com.claude.monitor;
				PRODUCT_NAME = "Claude Monitor";
				SDKROOT = macosx;
			};
			name = Debug;
		};
		D5613C6B2EC06E17DD97CA5D /* Debug */ = {
			isa = XCBuildConfiguration;
			buildSettings = {
				ALWAYS_SEARCH_USER_PATHS = NO;
				CLANG_ANALYZER_NONNULL = YES;
				CLANG_ANALYZER_NUMBER_OBJECT_CONVERSION = YES_AGGRESSIVE;
				CLANG_CXX_LANGUAGE_STANDARD = "gnu++14";
				CLANG_CXX_LIBRARY = "libc++";
				CLANG_ENABLE_MODULES = YES;
				CLANG_ENABLE_OBJC_ARC = YES;
				CLANG_ENABLE_OBJC_WEAK = YES;
				CLANG_WARN_BLOCK_CAPTURE_AUTORELEASING = YES;
				CLANG_WARN_BOOL_CONVERSION = YES;
				CLANG_WARN_COMMA = YES;
				CLANG_WARN_CONSTANT_CONVERSION = YES;
				CLANG_WARN_DEPRECATED_OBJC_IMPLEMENTATIONS = YES;
				CLANG_WARN_DIRECT_OBJC_ISA_USAGE = YES_ERROR;
				CLANG_WARN_DOCUMENTATION_COMMENTS = YES;
				CLANG_WARN_EMPTY_BODY = YES;
				CLANG_WARN_ENUM_CONVERSION = YES;
				CLANG_WARN_INFINITE_RECURSION = YES;
				CLANG_WARN_INT_CONVERSION = YES;
				CLANG_WARN_NON_LITERAL_NULL_CONVERSION = YES;
				CLANG_WARN_OBJC_IMPLICIT_RETAIN_SELF = YES;
				CLANG_WARN_OBJC_LITERAL_CONVERSION = YES;
				CLANG_WARN_OBJC_ROOT_CLASS = YES_ERROR;
				CLANG_WARN_QUOTED_INCLUDE_IN_FRAMEWORK_HEADER = YES;
				CLANG_WARN_RANGE_LOOP_ANALYSIS = YES;
				CLANG_WARN_STRICT_PROTOTYPES = YES;
				CLANG_WARN_SUSPICIOUS_MOVE = YES;
				CLANG_WARN_UNGUARDED_AVAILABILITY = YES_AGGRESSIVE;
				CLANG_WARN_UNREACHABLE_CODE = YES;
				CLANG_WARN__DUPLICATE_METHOD_MATCH = YES;
				COPY_PHASE_STRIP = NO;
				CURRENT_PROJECT_VERSION = 1;
				DEBUG_INFORMATION_FORMAT = dwarf;
				ENABLE_STRICT_OBJC_MSGSEND = YES;
				ENABLE_TESTABILITY = YES;
				GCC_C_LANGUAGE_STANDARD = gnu11;
				GCC_DYNAMIC_NO_PIC = NO;
				GCC_NO_COMMON_BLOCKS = YES;
				GCC_OPTIMIZATION_LEVEL = 0;
				GCC_PREPROCESSOR_DEFINITIONS = (
					"$(inherited)",
					"DEBUG=1",
				);
				GCC_WARN_64_TO_32_BIT_CONVERSION = YES;
				GCC_WARN_ABOUT_RETURN_TYPE = YES_ERROR;
				GCC_WARN_UNDECLARED_SELECTOR = YES;
				GCC_WARN_UNINITIALIZED_AUTOS = YES_AGGRESSIVE;
				GCC_WARN_UNUSED_FUNCTION = YES;
				GCC_WARN_UNUSED_VARIABLE = YES;
				GENERATE_INFOPLIST_FILE = NO;
				MACOSX_DEPLOYMENT_TARGET = 14.0;
				MARKETING_VERSION = 1.0.0;
				MTL_ENABLE_DEBUG_INFO = INCLUDE_SOURCE;
				MTL_FAST_MATH = YES;
				ONLY_ACTIVE_ARCH = YES;
				PRODUCT_NAME = "$(TARGET_NAME)";
				SDKROOT = macosx;
				SWIFT_ACTIVE_COMPILATION_CONDITIONS = DEBUG;
				SWIFT_OPTIMIZATION_LEVEL = "-Onone";
				SWIFT_VERSION = 5.9;
			};
			name = Debug;
		};
		EC9361A84503F5A6B508FC8B /* Release */ = {
			isa = XCBuildConfiguration;
			buildSettings = {
				ASSETCATALOG_COMPILER_APPICON_NAME = AppIcon;
				CODE_SIGN_ENTITLEMENTS = ClaudeMonitor/ClaudeMonitor.entitlements;
				CODE_SIGN_STYLE = Automatic;
				COMBINE_HIDPI_IMAGES = YES;
				DEVELOPMENT_TEAM = "";
				ENABLE_HARDENED_RUNTIME = YES;
				INFOPLIST_FILE = ClaudeMonitor/Info.plist;
				LD_RUNPATH_SEARCH_PATHS = (
					"@executable_path/../Frameworks",
				);
				PRODUCT_BUNDLE_IDENTIFIER = com.claude.monitor;
				PRODUCT_NAME = "Claude Monitor";
				SDKROOT = macosx;
			};
			name = Release;
		};
/* End XCBuildConfiguration section */

/* Begin XCConfigurationList section */
		458C8ECDDDF94448F9073656 /* Build configuration list for PBXNativeTarget "ClaudeMonitor" */ = {
			isa = XCConfigurationList;
			buildConfigurations = (
				A6D424770AF4D1C3075DBB29 /* Debug */,
				EC9361A84503F5A6B508FC8B /* Release */,
			);
			defaultConfigurationIsVisible = 0;
			defaultConfigurationName = Debug;
		};
		B0EBEFBDBC2E41CED86FDF2F /* Build configuration list for PBXProject "ClaudeMonitor" */ = {
			isa = XCConfigurationList;
			buildConfigurations = (
				D5613C6B2EC06E17DD97CA5D /* Debug */,
				3EF77ACB0B5E5F63E0DAFA8B /* Release */,
			);
			defaultConfigurationIsVisible = 0;
			defaultConfigurationName = Debug;
		};
/* End XCConfigurationList section */
	};
	rootObject = 0A1C0F0A567689AF0C10104F /* Project object */;
}
